
Microsoft Visual Studio Solution File, Format Version 12.00
# Visual Studio Version 16
VisualStudioVersion = 16.0.29905.134
MinimumVisualStudioVersion = 10.0.40219.1
Project("{FAE04EC0-301F-11D3-BF4B-00C04F79EFBC}") = "ProyectoED1", "ProyectoED1.csproj", "{5EF9A128-A9F7-4204-BB63-D4B77D88BD5C}"
EndProject
Project("{FAE04EC0-301F-11D3-BF4B-00C04F79EFBC}") = "CustomGenerics", "CustomGenerics\CustomGenerics.csproj", "{E8C39F22-0379-4188-961D-AE11B85FAFF5}"
EndProject
Global
	GlobalSection(SolutionConfigurationPlatforms) = preSolution
		Debug|Any CPU = Debug|Any CPU
		Release|Any CPU = Release|Any CPU
	EndGlobalSection
	GlobalSection(ProjectConfigurationPlatforms) = postSolution
		{5EF9A128-A9F7-4204-BB63-D4B77D88BD5C}.Debug|Any CPU.ActiveCfg = Debug|Any CPU
		{5EF9A128-A9F7-4204-BB63-D4B77D88BD5C}.Debug|Any CPU.Build.0 = Debug|Any CPU
		{5EF9A128-A9F7-4204-BB63-D4B77D88BD5C}.Release|Any CPU.ActiveCfg = Release|Any CPU
		{5EF9A128-A9F7-4204-BB63-D4B77D88BD5C}.Release|Any CPU.Build.0 = Release|Any CPU
		{E8C39F22-0379-4188-961D-AE11B85FAFF5}.Debug|Any CPU.ActiveCfg = Debug|Any CPU
		{E8C39F22-0379-4188-961D-AE11B85FAFF5}.Debug|Any CPU.Build.0 = Debug|Any CPU
		{E8C39F22-0379-4188-961D-AE11B85FAFF5}.Release|Any CPU.ActiveCfg = Release|Any CPU
		{E8C39F22-0379-4188-961D-AE11B85FAFF5}.Release|Any CPU.Build.0 = Release|Any CPU
	EndGlobalSection
	GlobalSection(SolutionProperties) = preSolution
		HideSolutionNode = FALSE
	EndGlobalSection
	GlobalSection(ExtensibilityGlobals) = postSolution
		SolutionGuid = {4553D421-8975-4F2F-9B2E-354144BB9F88}
	EndGlobalSection
EndGlobal
